
Microsoft Visual Studio Solution File, Format Version 12.00
# Visual Studio Version 17
VisualStudioVersion = 17.8.34511.84
MinimumVisualStudioVersion = 10.0.40219.1
Project("{FAE04EC0-301F-11D3-BF4B-00C04F79EFBC}") = "StudentPortalfromDapper", "StudentPortalfromDapper\StudentPortalfromDapper.csproj", "{6613141C-2135-4599-ACA5-B984D81C0000}"
EndProject
Global
	GlobalSection(SolutionConfigurationPlatforms) = preSolution
		Debug|Any CPU = Debug|Any CPU
		Release|Any CPU = Release|Any CPU
	EndGlobalSection
	GlobalSection(ProjectConfigurationPlatforms) = postSolution
		{6613141C-2135-4599-ACA5-B984D81C0000}.Debug|Any CPU.ActiveCfg = Debug|Any CPU
		{6613141C-2135-4599-ACA5-B984D81C0000}.Debug|Any CPU.Build.0 = Debug|Any CPU
		{6613141C-2135-4599-ACA5-B984D81C0000}.Release|Any CPU.ActiveCfg = Release|Any CPU
		{6613141C-2135-4599-ACA5-B984D81C0000}.Release|Any CPU.Build.0 = Release|Any CPU
	EndGlobalSection
	GlobalSection(SolutionProperties) = preSolution
		HideSolutionNode = FALSE
	EndGlobalSection
	GlobalSection(ExtensibilityGlobals) = postSolution
		SolutionGuid = {FA709FCB-3205-4CB9-9067-F991451F4171}
	EndGlobalSection
EndGlobal
